
Microsoft Visual Studio Solution File, Format Version 12.00
# Visual Studio Version 16
VisualStudioVersion = 16.0.31129.286
MinimumVisualStudioVersion = 10.0.40219.1
Project("{FAE04EC0-301F-11D3-BF4B-00C04F79EFBC}") = "CSharp.DesignPatterns.Behavioral.Strategy", "CSharp.DesignPatterns.Behavioral.Strategy\CSharp.DesignPatterns.Behavioral.Strategy.csproj", "{F25AB29B-1084-426B-8809-AA0CF4039133}"
EndProject
Project("{FAE04EC0-301F-11D3-BF4B-00C04F79EFBC}") = "Models", "Models\Models.csproj", "{08320D49-9F30-4671-9D9F-C4F04C723040}"
EndProject
Global
	GlobalSection(SolutionConfigurationPlatforms) = preSolution
		Debug|Any CPU = Debug|Any CPU
		Release|Any CPU = Release|Any CPU
	EndGlobalSection
	GlobalSection(ProjectConfigurationPlatforms) = postSolution
		{F25AB29B-1084-426B-8809-AA0CF4039133}.Debug|Any CPU.ActiveCfg = Debug|Any CPU
		{F25AB29B-1084-426B-8809-AA0CF4039133}.Debug|Any CPU.Build.0 = Debug|Any CPU
		{F25AB29B-1084-426B-8809-AA0CF4039133}.Release|Any CPU.ActiveCfg = Release|Any CPU
		{F25AB29B-1084-426B-8809-AA0CF4039133}.Release|Any CPU.Build.0 = Release|Any CPU
		{08320D49-9F30-4671-9D9F-C4F04C723040}.Debug|Any CPU.ActiveCfg = Debug|Any CPU
		{08320D49-9F30-4671-9D9F-C4F04C723040}.Debug|Any CPU.Build.0 = Debug|Any CPU
		{08320D49-9F30-4671-9D9F-C4F04C723040}.Release|Any CPU.ActiveCfg = Release|Any CPU
		{08320D49-9F30-4671-9D9F-C4F04C723040}.Release|Any CPU.Build.0 = Release|Any CPU
	EndGlobalSection
	GlobalSection(SolutionProperties) = preSolution
		HideSolutionNode = FALSE
	EndGlobalSection
	GlobalSection(ExtensibilityGlobals) = postSolution
		SolutionGuid = {64F7FCFF-42C4-4F5A-ADA1-1A630B9890FA}
	EndGlobalSection
EndGlobal
